Microsoft Visual Studio Solution File, Format Version 12.00
# Visual Studio Version 18
VisualStudioVersion = 18.0.11222.15
MinimumVisualStudioVersion = 10.0.40219.1
Project("{2150E333-8FDC-42A3-9474-1A3956D46DE8}") = "Example", "Example", "{02EA681E-C7D8-13C7-8484-4AC65E1B71E8}"
EndProject
Project("{FAE04EC0-301F-11D3-BF4B-00C04F79EFBC}") = "Example", "example\Example\Example.csproj", "{F96B6840-0CD4-4794-A351-3B415823319A}"
EndProject
Project("{FAE04EC0-301F-11D3-BF4B-00C04F79EFBC}") = "Example.Desktop", "example\Example.Desktop\Example.Desktop.csproj", "{F4FB8C83-A0F8-4FA8-918B-A7F5D6952C2D}"
EndProject
Project("{FAE04EC0-301F-11D3-BF4B-00C04F79EFBC}") = "Example.Android", "example\Example.Android\Example.Android.csproj", "{6F97828F-0E7E-4F51-97F0-6762B4F9E397}"
EndProject
Project("{FAE04EC0-301F-11D3-BF4B-00C04F79EFBC}") = "Example.iOS", "example\Example.iOS\Example.iOS.csproj", "{4BB439E0-36D6-4810-92F3-06D770A82E64}"
EndProject
Project("{FAE04EC0-301F-11D3-BF4B-00C04F79EFBC}") = "Example.Browser", "example\Example.Browser\Example.Browser.csproj", "{60654BC9-0E85-4D94-9C3C-A8A27A5C4724}"
EndProject
Project("{FAE04EC0-301F-11D3-BF4B-00C04F79EFBC}") = "RenderDebug.Desktop", "src\Test\RenderDebug.Desktop\RenderDebug.Desktop.csproj", "{3359D9B4-1CE3-F8FB-D88A-B091D568EB05}"
EndProject
Project("{FAE04EC0-301F-11D3-BF4B-00C04F79EFBC}") = "RenderDebug.Android", "src\Test\RenderDebug.Android\RenderDebug.Android.csproj", "{78D98599-9343-43BC-B359-DFD1C65EC3B1}"
EndProject
Project("{FAE04EC0-301F-11D3-BF4B-00C04F79EFBC}") = "Aura3D.Core", "src\Aura3D.Core\Aura3D.Core.csproj", "{D00FCDCE-C60A-4E79-9172-DC14E4683AF8}"
EndProject
Project("{FAE04EC0-301F-11D3-BF4B-00C04F79EFBC}") = "Aura3D.Avalonia", "src\Aura3D.Avalonia\Aura3D.Avalonia.csproj", "{2DD03A2B-5561-46B0-8A0A-E0AFA3BB2918}"
EndProject
Project("{FAE04EC0-301F-11D3-BF4B-00C04F79EFBC}") = "Aura3D.Model.AssimpLoader", "src\Aura3D.Model.AssimpLoader\Aura3D.Model.AssimpLoader.csproj", "{26DEC684-012F-4DA5-A54C-235F80760107}"
EndProject
Project("{2150E333-8FDC-42A3-9474-1A3956D46DE8}") = "Test", "Test", "{5858C076-6091-4F51-AC46-7F299A4FDF5C}"
EndProject
Project("{2150E333-8FDC-42A3-9474-1A3956D46DE8}") = "Configs", "Configs", "{9FA3D6BD-1EC1-3BA5-80CB-CE02773A58D5}"
	ProjectSection(SolutionItems) = preProject
		Directory.Packages.props = Directory.Packages.props
		Package.props = Package.props
	EndProjectSection
EndProject
Project("{2150E333-8FDC-42A3-9474-1A3956D46DE8}") = ".github", ".github", "{2E8E37A9-0E20-4468-BAC8-5F2FCF20318C}"
	ProjectSection(SolutionItems) = preProject
		.github\workflows\pack.yml = .github\workflows\pack.yml
	EndProjectSection
EndProject
Project("{FAE04EC0-301F-11D3-BF4B-00C04F79EFBC}") = "RenderDebug", "src\Test\RenderDebug\RenderDebug.csproj", "{564C4307-DD8A-4CEB-B8A6-7DCF1980633A}"
EndProject
Project("{FAE04EC0-301F-11D3-BF4B-00C04F79EFBC}") = "Aura3D.Model.GltfLoader", "src\Aura3D.Model.GltfLoader\Aura3D.Model.GltfLoader.csproj", "{3698D0E0-94CF-4A33-90C3-14EB988C208C}"
EndProject
Project("{2150E333-8FDC-42A3-9474-1A3956D46DE8}") = "ModelLoader", "ModelLoader", "{3FACAB87-E0DD-461F-8117-6736570BCB00}"
EndProject
Project("{2150E333-8FDC-42A3-9474-1A3956D46DE8}") = "Src", "Src", "{F1F96D76-2F80-455F-B8E6-C1F3AE870600}"
EndProject
Project("{FAE04EC0-301F-11D3-BF4B-00C04F79EFBC}") = "Aura3D.Renderer.PBR", "src\Aura3D.Renderer.PBR\Aura3D.Renderer.PBR.csproj", "{51867E2E-31AD-4C3F-A42F-1DEC15A0D258}"
EndProject
Project("{2150E333-8FDC-42A3-9474-1A3956D46DE8}") = "RenderPipeline", "RenderPipeline", "{0B38DCCE-7167-4472-916D-EC0AEE86B5AE}"
EndProject
Project("{FAE04EC0-301F-11D3-BF4B-00C04F79EFBC}") = "Aura3D.Renderer.CelShading", "src\Aura3D.Renderer.CelShading\Aura3D.Renderer.CelShading.csproj", "{FB2D333A-91CF-4F0A-8C0F-A445ECC9FE8C}"
EndProject
Global
	GlobalSection(SolutionConfigurationPlatforms) = preSolution
		Debug|Any CPU = Debug|Any CPU
		Release|Any CPU = Release|Any CPU
	EndGlobalSection
	GlobalSection(ProjectConfigurationPlatforms) = postSolution
		{F96B6840-0CD4-4794-A351-3B415823319A}.Debug|Any CPU.ActiveCfg = Debug|Any CPU
		{F96B6840-0CD4-4794-A351-3B415823319A}.Debug|Any CPU.Build.0 = Debug|Any CPU
		{F96B6840-0CD4-4794-A351-3B415823319A}.Release|Any CPU.ActiveCfg = Release|Any CPU
		{F96B6840-0CD4-4794-A351-3B415823319A}.Release|Any CPU.Build.0 = Release|Any CPU
		{F4FB8C83-A0F8-4FA8-918B-A7F5D6952C2D}.Debug|Any CPU.ActiveCfg = Debug|Any CPU
		{F4FB8C83-A0F8-4FA8-918B-A7F5D6952C2D}.Debug|Any CPU.Build.0 = Debug|Any CPU
		{F4FB8C83-A0F8-4FA8-918B-A7F5D6952C2D}.Release|Any CPU.ActiveCfg = Release|Any CPU
		{F4FB8C83-A0F8-4FA8-918B-A7F5D6952C2D}.Release|Any CPU.Build.0 = Release|Any CPU
		{6F97828F-0E7E-4F51-97F0-6762B4F9E397}.Debug|Any CPU.ActiveCfg = Debug|Any CPU
		{6F97828F-0E7E-4F51-97F0-6762B4F9E397}.Debug|Any CPU.Build.0 = Debug|Any CPU
		{6F97828F-0E7E-4F51-97F0-6762B4F9E397}.Debug|Any CPU.Deploy.0 = Debug|Any CPU
		{6F97828F-0E7E-4F51-97F0-6762B4F9E397}.Release|Any CPU.ActiveCfg = Release|Any CPU
		{6F97828F-0E7E-4F51-97F0-6762B4F9E397}.Release|Any CPU.Build.0 = Release|Any CPU
		{6F97828F-0E7E-4F51-97F0-6762B4F9E397}.Release|Any CPU.Deploy.0 = Release|Any CPU
		{4BB439E0-36D6-4810-92F3-06D770A82E64}.Debug|Any CPU.ActiveCfg = Debug|Any CPU
		{4BB439E0-36D6-4810-92F3-06D770A82E64}.Debug|Any CPU.Build.0 = Debug|Any CPU
		{4BB439E0-36D6-4810-92F3-06D770A82E64}.Debug|Any CPU.Deploy.0 = Debug|Any CPU
		{4BB439E0-36D6-4810-92F3-06D770A82E64}.Release|Any CPU.ActiveCfg = Release|Any CPU
		{4BB439E0-36D6-4810-92F3-06D770A82E64}.Release|Any CPU.Build.0 = Release|Any CPU
		{4BB439E0-36D6-4810-92F3-06D770A82E64}.Release|Any CPU.Deploy.0 = Release|Any CPU
		{60654BC9-0E85-4D94-9C3C-A8A27A5C4724}.Debug|Any CPU.ActiveCfg = Debug|Any CPU
		{60654BC9-0E85-4D94-9C3C-A8A27A5C4724}.Debug|Any CPU.Build.0 = Debug|Any CPU
		{60654BC9-0E85-4D94-9C3C-A8A27A5C4724}.Release|Any CPU.ActiveCfg = Release|Any CPU
		{60654BC9-0E85-4D94-9C3C-A8A27A5C4724}.Release|Any CPU.Build.0 = Release|Any CPU
		{3359D9B4-1CE3-F8FB-D88A-B091D568EB05}.Debug|Any CPU.ActiveCfg = Debug|Any CPU
		{3359D9B4-1CE3-F8FB-D88A-B091D568EB05}.Debug|Any CPU.Build.0 = Debug|Any CPU
		{3359D9B4-1CE3-F8FB-D88A-B091D568EB05}.Release|Any CPU.ActiveCfg = Release|Any CPU
		{3359D9B4-1CE3-F8FB-D88A-B091D568EB05}.Release|Any CPU.Build.0 = Release|Any CPU
		{78D98599-9343-43BC-B359-DFD1C65EC3B1}.Debug|Any CPU.ActiveCfg = Debug|Any CPU
		{78D98599-9343-43BC-B359-DFD1C65EC3B1}.Debug|Any CPU.Build.0 = Debug|Any CPU
		{78D98599-9343-43BC-B359-DFD1C65EC3B1}.Debug|Any CPU.Deploy.0 = Debug|Any CPU
		{78D98599-9343-43BC-B359-DFD1C65EC3B1}.Release|Any CPU.ActiveCfg = Release|Any CPU
		{78D98599-9343-43BC-B359-DFD1C65EC3B1}.Release|Any CPU.Build.0 = Release|Any CPU
		{78D98599-9343-43BC-B359-DFD1C65EC3B1}.Release|Any CPU.Deploy.0 = Release|Any CPU
		{D00FCDCE-C60A-4E79-9172-DC14E4683AF8}.Debug|Any CPU.ActiveCfg = Debug|Any CPU
		{D00FCDCE-C60A-4E79-9172-DC14E4683AF8}.Debug|Any CPU.Build.0 = Debug|Any CPU
		{D00FCDCE-C60A-4E79-9172-DC14E4683AF8}.Release|Any CPU.ActiveCfg = Release|Any CPU
		{D00FCDCE-C60A-4E79-9172-DC14E4683AF8}.Release|Any CPU.Build.0 = Release|Any CPU
		{2DD03A2B-5561-46B0-8A0A-E0AFA3BB2918}.Debug|Any CPU.ActiveCfg = Debug|Any CPU
		{2DD03A2B-5561-46B0-8A0A-E0AFA3BB2918}.Debug|Any CPU.Build.0 = Debug|Any CPU
		{2DD03A2B-5561-46B0-8A0A-E0AFA3BB2918}.Release|Any CPU.ActiveCfg = Release|Any CPU
		{2DD03A2B-5561-46B0-8A0A-E0AFA3BB2918}.Release|Any CPU.Build.0 = Release|Any CPU
		{26DEC684-012F-4DA5-A54C-235F80760107}.Debug|Any CPU.ActiveCfg = Debug|Any CPU
		{26DEC684-012F-4DA5-A54C-235F80760107}.Debug|Any CPU.Build.0 = Debug|Any CPU
		{26DEC684-012F-4DA5-A54C-235F80760107}.Release|Any CPU.ActiveCfg = Release|Any CPU
		{26DEC684-012F-4DA5-A54C-235F80760107}.Release|Any CPU.Build.0 = Release|Any CPU
		{564C4307-DD8A-4CEB-B8A6-7DCF1980633A}.Debug|Any CPU.ActiveCfg = Debug|Any CPU
		{564C4307-DD8A-4CEB-B8A6-7DCF1980633A}.Debug|Any CPU.Build.0 = Debug|Any CPU
		{564C4307-DD8A-4CEB-B8A6-7DCF1980633A}.Release|Any CPU.ActiveCfg = Release|Any CPU
		{564C4307-DD8A-4CEB-B8A6-7DCF1980633A}.Release|Any CPU.Build.0 = Release|Any CPU
		{3698D0E0-94CF-4A33-90C3-14EB988C208C}.Debug|Any CPU.ActiveCfg = Debug|Any CPU
		{3698D0E0-94CF-4A33-90C3-14EB988C208C}.Debug|Any CPU.Build.0 = Debug|Any CPU
		{3698D0E0-94CF-4A33-90C3-14EB988C208C}.Release|Any CPU.ActiveCfg = Release|Any CPU
		{3698D0E0-94CF-4A33-90C3-14EB988C208C}.Release|Any CPU.Build.0 = Release|Any CPU
		{51867E2E-31AD-4C3F-A42F-1DEC15A0D258}.Debug|Any CPU.ActiveCfg = Debug|Any CPU
		{51867E2E-31AD-4C3F-A42F-1DEC15A0D258}.Debug|Any CPU.Build.0 = Debug|Any CPU
		{51867E2E-31AD-4C3F-A42F-1DEC15A0D258}.Release|Any CPU.ActiveCfg = Release|Any CPU
		{51867E2E-31AD-4C3F-A42F-1DEC15A0D258}.Release|Any CPU.Build.0 = Release|Any CPU
		{FB2D333A-91CF-4F0A-8C0F-A445ECC9FE8C}.Debug|Any CPU.ActiveCfg = Debug|Any CPU
		{FB2D333A-91CF-4F0A-8C0F-A445ECC9FE8C}.Debug|Any CPU.Build.0 = Debug|Any CPU
		{FB2D333A-91CF-4F0A-8C0F-A445ECC9FE8C}.Release|Any CPU.ActiveCfg = Release|Any CPU
		{FB2D333A-91CF-4F0A-8C0F-A445ECC9FE8C}.Release|Any CPU.Build.0 = Release|Any CPU
	EndGlobalSection
	GlobalSection(SolutionProperties) = preSolution
		HideSolutionNode = FALSE
	EndGlobalSection
	GlobalSection(NestedProjects) = preSolution
		{F96B6840-0CD4-4794-A351-3B415823319A} = {02EA681E-C7D8-13C7-8484-4AC65E1B71E8}
		{F4FB8C83-A0F8-4FA8-918B-A7F5D6952C2D} = {02EA681E-C7D8-13C7-8484-4AC65E1B71E8}
		{6F97828F-0E7E-4F51-97F0-6762B4F9E397} = {02EA681E-C7D8-13C7-8484-4AC65E1B71E8}
		{4BB439E0-36D6-4810-92F3-06D770A82E64} = {02EA681E-C7D8-13C7-8484-4AC65E1B71E8}
		{60654BC9-0E85-4D94-9C3C-A8A27A5C4724} = {02EA681E-C7D8-13C7-8484-4AC65E1B71E8}
		{3359D9B4-1CE3-F8FB-D88A-B091D568EB05} = {5858C076-6091-4F51-AC46-7F299A4FDF5C}
		{78D98599-9343-43BC-B359-DFD1C65EC3B1} = {5858C076-6091-4F51-AC46-7F299A4FDF5C}
		{D00FCDCE-C60A-4E79-9172-DC14E4683AF8} = {F1F96D76-2F80-455F-B8E6-C1F3AE870600}
		{2DD03A2B-5561-46B0-8A0A-E0AFA3BB2918} = {F1F96D76-2F80-455F-B8E6-C1F3AE870600}
		{26DEC684-012F-4DA5-A54C-235F80760107} = {3FACAB87-E0DD-461F-8117-6736570BCB00}
		{564C4307-DD8A-4CEB-B8A6-7DCF1980633A} = {5858C076-6091-4F51-AC46-7F299A4FDF5C}
		{3698D0E0-94CF-4A33-90C3-14EB988C208C} = {3FACAB87-E0DD-461F-8117-6736570BCB00}
		{3FACAB87-E0DD-461F-8117-6736570BCB00} = {F1F96D76-2F80-455F-B8E6-C1F3AE870600}
		{51867E2E-31AD-4C3F-A42F-1DEC15A0D258} = {0B38DCCE-7167-4472-916D-EC0AEE86B5AE}
		{0B38DCCE-7167-4472-916D-EC0AEE86B5AE} = {F1F96D76-2F80-455F-B8E6-C1F3AE870600}
		{FB2D333A-91CF-4F0A-8C0F-A445ECC9FE8C} = {0B38DCCE-7167-4472-916D-EC0AEE86B5AE}
	EndGlobalSection
	GlobalSection(ExtensibilityGlobals) = postSolution
		SolutionGuid = {9DD70FFC-DCCE-4FB7-A583-15A054911F89}
	EndGlobalSection
EndGlobal
